
Microsoft Visual Studio Solution File, Format Version 12.00
# Visual Studio 15
VisualStudioVersion = 15.0.27428.2037
MinimumVisualStudioVersion = 10.0.40219.1
Project("{FAE04EC0-301F-11D3-BF4B-00C04F79EFBC}") = "digital-hologram", "digital-hologram\digital-hologram.csproj", "{44F6E6F2-884D-4E6A-85CA-F018B087275F}"
EndProject
Project("{8BC9CEB8-8B4A-11D0-8D11-00A0C91BC942}") = "holography", "holography\holography.vcxproj", "{67B97F20-E589-401D-A52C-254E8B1A92D7}"
EndProject
Global
	GlobalSection(SolutionConfigurationPlatforms) = preSolution
		Debug|Any CPU = Debug|Any CPU
		Debug|x64 = Debug|x64
		Debug|x86 = Debug|x86
		Release|Any CPU = Release|Any CPU
		Release|x64 = Release|x64
		Release|x86 = Release|x86
	EndGlobalSection
	GlobalSection(ProjectConfigurationPlatforms) = postSolution
		{44F6E6F2-884D-4E6A-85CA-F018B087275F}.Debug|Any CPU.ActiveCfg = Debug|Any CPU
		{44F6E6F2-884D-4E6A-85CA-F018B087275F}.Debug|Any CPU.Build.0 = Debug|Any CPU
		{44F6E6F2-884D-4E6A-85CA-F018B087275F}.Debug|x64.ActiveCfg = Debug|x64
		{44F6E6F2-884D-4E6A-85CA-F018B087275F}.Debug|x64.Build.0 = Debug|x64
		{44F6E6F2-884D-4E6A-85CA-F018B087275F}.Debug|x86.ActiveCfg = Debug|x86
		{44F6E6F2-884D-4E6A-85CA-F018B087275F}.Debug|x86.Build.0 = Debug|x86
		{44F6E6F2-884D-4E6A-85CA-F018B087275F}.Release|Any CPU.ActiveCfg = Release|Any CPU
		{44F6E6F2-884D-4E6A-85CA-F018B087275F}.Release|Any CPU.Build.0 = Release|Any CPU
		{44F6E6F2-884D-4E6A-85CA-F018B087275F}.Release|x64.ActiveCfg = Release|x64
		{44F6E6F2-884D-4E6A-85CA-F018B087275F}.Release|x64.Build.0 = Release|x64
		{44F6E6F2-884D-4E6A-85CA-F018B087275F}.Release|x86.ActiveCfg = Release|x86
		{44F6E6F2-884D-4E6A-85CA-F018B087275F}.Release|x86.Build.0 = Release|x86
		{67B97F20-E589-401D-A52C-254E8B1A92D7}.Debug|Any CPU.ActiveCfg = Debug|Win32
		{67B97F20-E589-401D-A52C-254E8B1A92D7}.Debug|x64.ActiveCfg = Debug|x64
		{67B97F20-E589-401D-A52C-254E8B1A92D7}.Debug|x64.Build.0 = Debug|x64
		{67B97F20-E589-401D-A52C-254E8B1A92D7}.Debug|x86.ActiveCfg = Debug|Win32
		{67B97F20-E589-401D-A52C-254E8B1A92D7}.Debug|x86.Build.0 = Debug|Win32
		{67B97F20-E589-401D-A52C-254E8B1A92D7}.Release|Any CPU.ActiveCfg = Release|Win32
		{67B97F20-E589-401D-A52C-254E8B1A92D7}.Release|x64.ActiveCfg = Release|x64
		{67B97F20-E589-401D-A52C-254E8B1A92D7}.Release|x64.Build.0 = Release|x64
		{67B97F20-E589-401D-A52C-254E8B1A92D7}.Release|x86.ActiveCfg = Release|Win32
		{67B97F20-E589-401D-A52C-254E8B1A92D7}.Release|x86.Build.0 = Release|Win32
	EndGlobalSection
	GlobalSection(SolutionProperties) = preSolution
		HideSolutionNode = FALSE
	EndGlobalSection
	GlobalSection(ExtensibilityGlobals) = postSolution
		SolutionGuid = {B33919BC-43AD-490F-98C2-FAC2ECE2B4E7}
	EndGlobalSection
EndGlobal
